
Microsoft Visual Studio Solution File, Format Version 12.00
# Visual Studio 15
VisualStudioVersion = 15.0.28307.1082
MinimumVisualStudioVersion = 10.0.40219.1
Project("{9A19103F-16F7-4668-BE54-9A1E7A4F7556}") = "Library", "Library\Library.csproj", "{9679DEF7-52E3-46E5-B39F-18DE626904A3}"
EndProject
Project("{9A19103F-16F7-4668-BE54-9A1E7A4F7556}") = "Consumer", "Consumer\Consumer.csproj", "{0FE45121-E816-4F77-9DE1-58282DC459A5}"
EndProject
Project("{9A19103F-16F7-4668-BE54-9A1E7A4F7556}") = "UnitTest", "UnitTest\UnitTest.csproj", "{760765C5-4856-4E73-B4DD-3452C8D71AA1}"
EndProject
Project("{FAE04EC0-301F-11D3-BF4B-00C04F79EFBC}") = "RestAPI", "RestAPI\RestAPI.csproj", "{DFD352BB-ED67-45F2-95AE-90B5CE910C4F}"
EndProject
Global
	GlobalSection(SolutionConfigurationPlatforms) = preSolution
		Debug|Any CPU = Debug|Any CPU
		Release|Any CPU = Release|Any CPU
	EndGlobalSection
	GlobalSection(ProjectConfigurationPlatforms) = postSolution
		{9679DEF7-52E3-46E5-B39F-18DE626904A3}.Debug|Any CPU.ActiveCfg = Debug|Any CPU
		{9679DEF7-52E3-46E5-B39F-18DE626904A3}.Debug|Any CPU.Build.0 = Debug|Any CPU
		{9679DEF7-52E3-46E5-B39F-18DE626904A3}.Release|Any CPU.ActiveCfg = Release|Any CPU
		{9679DEF7-52E3-46E5-B39F-18DE626904A3}.Release|Any CPU.Build.0 = Release|Any CPU
		{0FE45121-E816-4F77-9DE1-58282DC459A5}.Debug|Any CPU.ActiveCfg = Debug|Any CPU
		{0FE45121-E816-4F77-9DE1-58282DC459A5}.Debug|Any CPU.Build.0 = Debug|Any CPU
		{0FE45121-E816-4F77-9DE1-58282DC459A5}.Release|Any CPU.ActiveCfg = Release|Any CPU
		{0FE45121-E816-4F77-9DE1-58282DC459A5}.Release|Any CPU.Build.0 = Release|Any CPU
		{760765C5-4856-4E73-B4DD-3452C8D71AA1}.Debug|Any CPU.ActiveCfg = Debug|Any CPU
		{760765C5-4856-4E73-B4DD-3452C8D71AA1}.Debug|Any CPU.Build.0 = Debug|Any CPU
		{760765C5-4856-4E73-B4DD-3452C8D71AA1}.Release|Any CPU.ActiveCfg = Release|Any CPU
		{760765C5-4856-4E73-B4DD-3452C8D71AA1}.Release|Any CPU.Build.0 = Release|Any CPU
		{DFD352BB-ED67-45F2-95AE-90B5CE910C4F}.Debug|Any CPU.ActiveCfg = Debug|Any CPU
		{DFD352BB-ED67-45F2-95AE-90B5CE910C4F}.Debug|Any CPU.Build.0 = Debug|Any CPU
		{DFD352BB-ED67-45F2-95AE-90B5CE910C4F}.Release|Any CPU.ActiveCfg = Release|Any CPU
		{DFD352BB-ED67-45F2-95AE-90B5CE910C4F}.Release|Any CPU.Build.0 = Release|Any CPU
	EndGlobalSection
	GlobalSection(SolutionProperties) = preSolution
		HideSolutionNode = FALSE
	EndGlobalSection
	GlobalSection(ExtensibilityGlobals) = postSolution
		SolutionGuid = {7B3E88DE-9B3C-4AE6-842E-F8B41528F122}
	EndGlobalSection
EndGlobal
